{
  "object": {
    "pins": [
      {
        "package": "whisper",
        "repositoryURL": "https://github.com/ggerganov/whisper.cpp",
        "state": {
          "branch": "master",
          "revision": "25d313b38b1f562200f915cd5952555613cd0110",
          "version": null
        }
      }
    ]
  },
  "version": 1
}
