{
  "pins" : [
    {
      "identity" : "alamofire",
      "kind" : "remoteSourceControl",
      "location" : "https://github.com/Alamofire/Alamofire.git",
      "state" : {
        "revision" : "513364f870f6bfc468f9d2ff0a95caccc10044c5",
        "version" : "5.10.2"
      }
    },
    {
      "identity" : "audiokit",
      "kind" : "remoteSourceControl",
      "location" : "https://github.com/AudioKit/AudioKit",
      "state" : {
        "revision" : "5b3fd238ef8ee95c9842ca4ea83ca58ee151e630",
        "version" : "5.6.5"
      }
    },
    {
      "identity" : "dsfregex",
      "kind" : "remoteSourceControl",
      "location" : "https://github.com/dagronf/DSFRegex",
      "state" : {
        "revision" : "e0e64805519b23b08dcca9c83ca2d4a2b3de4c33",
        "version" : "3.4.0"
      }
    },
    {
      "identity" : "dswaveformimage",
      "kind" : "remoteSourceControl",
      "location" : "https://github.com/dmrschmidt/DSWaveformImage",
      "state" : {
        "revision" : "4c56578ee10128ee2b2c04c9c5aa73812de722db",
        "version" : "14.2.2"
      }
    },
    {
      "identity" : "jinja",
      "kind" : "remoteSourceControl",
      "location" : "https://github.com/johnmai-dev/Jinja",
      "state" : {
        "revision" : "8879db488805122463b6521486d4c0a557fb56dc",
        "version" : "1.2.0"
      }
    },
    {
      "identity" : "mondrianlayout",
      "kind" : "remoteSourceControl",
      "location" : "https://github.com/FluidGroup/MondrianLayout",
      "state" : {
        "branch" : "main",
        "revision" : "b26edaa5a469bc5fd58f9afe37d257ca1b3771e0"
      }
    },
    {
      "identity" : "steppedslider",
      "kind" : "remoteSourceControl",
      "location" : "https://github.com/shima11/SteppedSlider.git",
      "state" : {
        "branch" : "main",
        "revision" : "36725121569eb55225e100765e057b23f16e3090"
      }
    },
    {
      "identity" : "swift-algorithms",
      "kind" : "remoteSourceControl",
      "location" : "https://github.com/apple/swift-algorithms",
      "state" : {
        "revision" : "87e50f483c54e6efd60e885f7f5aa946cee68023",
        "version" : "1.2.1"
      }
    },
    {
      "identity" : "swift-argument-parser",
      "kind" : "remoteSourceControl",
      "location" : "https://github.com/apple/swift-argument-parser.git",
      "state" : {
        "revision" : "011f0c765fb46d9cac61bca19be0527e99c98c8b",
        "version" : "1.5.1"
      }
    },
    {
      "identity" : "swift-collections",
      "kind" : "remoteSourceControl",
      "location" : "https://github.com/apple/swift-collections.git",
      "state" : {
        "revision" : "c1805596154bb3a265fd91b8ac0c4433b4348fb0",
        "version" : "1.2.0"
      }
    },
    {
      "identity" : "swift-concurrency-task-manager",
      "kind" : "remoteSourceControl",
      "location" : "https://github.com/VergeGroup/swift-concurrency-task-manager",
      "state" : {
        "revision" : "5698f92a90782cb8bfdae8303793af594ff5c441",
        "version" : "2.1.4"
      }
    },
    {
      "identity" : "swift-indexed-collection",
      "kind" : "remoteSourceControl",
      "location" : "https://github.com/FluidGroup/swift-indexed-collection",
      "state" : {
        "revision" : "9b17bf06eae73fee93dae9a0fa6de2e33900d9c5",
        "version" : "0.2.1"
      }
    },
    {
      "identity" : "swift-macro-hex-color",
      "kind" : "remoteSourceControl",
      "location" : "https://github.com/muukii/swift-macro-hex-color",
      "state" : {
        "revision" : "a8b1c2ea0ef134c4047b944aefe70df232c0cefc",
        "version" : "0.2.0"
      }
    },
    {
      "identity" : "swift-numerics",
      "kind" : "remoteSourceControl",
      "location" : "https://github.com/apple/swift-numerics.git",
      "state" : {
        "revision" : "e0ec0f5f3af6f3e4d5e7a19d2af26b481acb6ba8",
        "version" : "1.0.3"
      }
    },
    {
      "identity" : "swift-rubber-banding",
      "kind" : "remoteSourceControl",
      "location" : "https://github.com/FluidGroup/swift-rubber-banding",
      "state" : {
        "revision" : "f2dbd09829c6267db0a769e7c37fe332dab0b675",
        "version" : "1.0.0"
      }
    },
    {
      "identity" : "swift-syntax",
      "kind" : "remoteSourceControl",
      "location" : "https://github.com/apple/swift-syntax.git",
      "state" : {
        "revision" : "0687f71944021d616d34d922343dcef086855920",
        "version" : "600.0.1"
      }
    },
    {
      "identity" : "swift-transformers",
      "kind" : "remoteSourceControl",
      "location" : "https://github.com/huggingface/swift-transformers.git",
      "state" : {
        "revision" : "8a83416cc00ab07a5de9991e6ad817a9b8588d20",
        "version" : "0.1.15"
      }
    },
    {
      "identity" : "swift-typed-identifier",
      "kind" : "remoteSourceControl",
      "location" : "https://github.com/VergeGroup/swift-typed-identifier.git",
      "state" : {
        "revision" : "ea7afa2ce943c6bf3ef87d385c8a6e9f67fea4f3",
        "version" : "2.0.4"
      }
    },
    {
      "identity" : "swiftsubtitles",
      "kind" : "remoteSourceControl",
      "location" : "https://github.com/dagronf/SwiftSubtitles",
      "state" : {
        "revision" : "9610acc4a62f0b274f4fc62c4d600da098fe5892",
        "version" : "0.12.0"
      }
    },
    {
      "identity" : "swiftui-functional-component-macro",
      "kind" : "remoteSourceControl",
      "location" : "https://github.com/FluidGroup/swiftui-functional-component-macro",
      "state" : {
        "revision" : "4824b57c924da6cd4759a60bdde38a9c82d65bef",
        "version" : "1.0.0"
      }
    },
    {
      "identity" : "swiftui-introspect",
      "kind" : "remoteSourceControl",
      "location" : "https://github.com/siteline/swiftui-introspect",
      "state" : {
        "revision" : "807f73ce09a9b9723f12385e592b4e0aaebd3336",
        "version" : "1.3.0"
      }
    },
    {
      "identity" : "swiftui-object-edge",
      "kind" : "remoteSourceControl",
      "location" : "https://github.com/FluidGroup/swiftui-object-edge",
      "state" : {
        "revision" : "2848582ee253565ff8d529506e0988b2d2c4404a",
        "version" : "1.0.0"
      }
    },
    {
      "identity" : "swiftui-scrollview-interoperable-drag-gesture",
      "kind" : "remoteSourceControl",
      "location" : "https://github.com/FluidGroup/swiftui-scrollview-interoperable-drag-gesture",
      "state" : {
        "revision" : "aa940c6e3b4c28ee20666f1f252982030a67b1f4",
        "version" : "0.2.2"
      }
    },
    {
      "identity" : "swiftui-snap-dragging-modifier",
      "kind" : "remoteSourceControl",
      "location" : "https://github.com/FluidGroup/swiftui-snap-dragging-modifier",
      "state" : {
        "revision" : "4472e300e96a42fe496015b3aea063682a0ef03a",
        "version" : "3.0.0"
      }
    },
    {
      "identity" : "swiftui-support",
      "kind" : "remoteSourceControl",
      "location" : "https://github.com/FluidGroup/swiftui-support",
      "state" : {
        "branch" : "main",
        "revision" : "fbc3f1770889f74818a56eea3d7099a0d3a9c5e1"
      }
    },
    {
      "identity" : "tinycsv",
      "kind" : "remoteSourceControl",
      "location" : "https://github.com/dagronf/TinyCSV",
      "state" : {
        "revision" : "63f30830cd986de84cd844d59926cf1aa2009f0b",
        "version" : "0.5.3"
      }
    },
    {
      "identity" : "userdefaultssnapshot",
      "kind" : "remoteSourceControl",
      "location" : "https://github.com/VergeGroup/UserDefaultsSnapshot",
      "state" : {
        "revision" : "26e9064cf45e48ced6220073071eeaf3dd60c62c",
        "version" : "1.4.1"
      }
    },
    {
      "identity" : "whisperkit",
      "kind" : "remoteSourceControl",
      "location" : "https://github.com/argmaxinc/whisperkit",
      "state" : {
        "revision" : "b3c412aa7520069f6c71f7cc217fbcf850ba31a1",
        "version" : "0.13.0"
      }
    },
    {
      "identity" : "wrap",
      "kind" : "remoteSourceControl",
      "location" : "https://github.com/VergeGroup/Wrap",
      "state" : {
        "revision" : "0d13a5b579d3f74d1f3a2bc50ccb4f9f86a711c3",
        "version" : "4.0.0"
      }
    },
    {
      "identity" : "youtubekit",
      "kind" : "remoteSourceControl",
      "location" : "https://github.com/alexeichhorn/YouTubeKit",
      "state" : {
        "revision" : "e1895c72f0edff9acd6b41977d2ad9c6245e8306",
        "version" : "0.2.7"
      }
    }
  ],
  "version" : 2
}
