{
  "pins" : [
    {
      "identity" : "audiokit",
      "kind" : "remoteSourceControl",
      "location" : "https://github.com/AudioKit/AudioKit",
      "state" : {
        "revision" : "5b3fd238ef8ee95c9842ca4ea83ca58ee151e630",
        "version" : "5.6.5"
      }
    },
    {
      "identity" : "dsfregex",
      "kind" : "remoteSourceControl",
      "location" : "https://github.com/dagronf/DSFRegex",
      "state" : {
        "revision" : "e0e64805519b23b08dcca9c83ca2d4a2b3de4c33",
        "version" : "3.4.0"
      }
    },
    {
      "identity" : "dswaveformimage",
      "kind" : "remoteSourceControl",
      "location" : "https://github.com/dmrschmidt/DSWaveformImage",
      "state" : {
        "revision" : "4c56578ee10128ee2b2c04c9c5aa73812de722db",
        "version" : "14.2.2"
      }
    },
    {
      "identity" : "jinja",
      "kind" : "remoteSourceControl",
      "location" : "https://github.com/johnmai-dev/Jinja",
      "state" : {
        "revision" : "bbddb92fc51ae420b87300298370fd1dfc308f73",
        "version" : "1.1.1"
      }
    },
    {
      "identity" : "mondrianlayout",
      "kind" : "remoteSourceControl",
      "location" : "https://github.com/FluidGroup/MondrianLayout",
      "state" : {
        "branch" : "main",
        "revision" : "b26edaa5a469bc5fd58f9afe37d257ca1b3771e0"
      }
    },
    {
      "identity" : "normalization",
      "kind" : "remoteSourceControl",
      "location" : "https://github.com/VergeGroup/Normalization",
      "state" : {
        "revision" : "6e7cb1ddeda4d0f1d2fbf8ca6d25ecd8ed6ba917",
        "version" : "1.1.0"
      }
    },
    {
      "identity" : "rxswift",
      "kind" : "remoteSourceControl",
      "location" : "https://github.com/ReactiveX/RxSwift.git",
      "state" : {
        "revision" : "5dd1907d64f0d36f158f61a466bab75067224893",
        "version" : "6.9.0"
      }
    },
    {
      "identity" : "swift-algorithms",
      "kind" : "remoteSourceControl",
      "location" : "https://github.com/apple/swift-algorithms",
      "state" : {
        "revision" : "87e50f483c54e6efd60e885f7f5aa946cee68023",
        "version" : "1.2.1"
      }
    },
    {
      "identity" : "swift-argument-parser",
      "kind" : "remoteSourceControl",
      "location" : "https://github.com/apple/swift-argument-parser.git",
      "state" : {
        "revision" : "41982a3656a71c768319979febd796c6fd111d5c",
        "version" : "1.5.0"
      }
    },
    {
      "identity" : "swift-atomics",
      "kind" : "remoteSourceControl",
      "location" : "https://github.com/apple/swift-atomics.git",
      "state" : {
        "revision" : "cd142fd2f64be2100422d658e7411e39489da985",
        "version" : "1.2.0"
      }
    },
    {
      "identity" : "swift-collections",
      "kind" : "remoteSourceControl",
      "location" : "https://github.com/apple/swift-collections",
      "state" : {
        "revision" : "671108c96644956dddcd89dd59c203dcdb36cec7",
        "version" : "1.1.4"
      }
    },
    {
      "identity" : "swift-concurrency-task-manager",
      "kind" : "remoteSourceControl",
      "location" : "https://github.com/VergeGroup/swift-concurrency-task-manager",
      "state" : {
        "revision" : "340cf14e0282977deeeb436605d1810ce4f4fbc9",
        "version" : "1.4.0"
      }
    },
    {
      "identity" : "swift-macro-hex-color",
      "kind" : "remoteSourceControl",
      "location" : "https://github.com/muukii/swift-macro-hex-color",
      "state" : {
        "revision" : "a8b1c2ea0ef134c4047b944aefe70df232c0cefc",
        "version" : "0.2.0"
      }
    },
    {
      "identity" : "swift-macro-state-struct",
      "kind" : "remoteSourceControl",
      "location" : "https://github.com/VergeGroup/swift-macro-state-struct",
      "state" : {
        "revision" : "ab5621e756d40aa48a8b6a7c5f6300632c48a1d0",
        "version" : "2.3.0"
      }
    },
    {
      "identity" : "swift-numerics",
      "kind" : "remoteSourceControl",
      "location" : "https://github.com/apple/swift-numerics.git",
      "state" : {
        "revision" : "e0ec0f5f3af6f3e4d5e7a19d2af26b481acb6ba8",
        "version" : "1.0.3"
      }
    },
    {
      "identity" : "swift-syntax",
      "kind" : "remoteSourceControl",
      "location" : "https://github.com/apple/swift-syntax.git",
      "state" : {
        "revision" : "0687f71944021d616d34d922343dcef086855920",
        "version" : "600.0.1"
      }
    },
    {
      "identity" : "swift-transformers",
      "kind" : "remoteSourceControl",
      "location" : "https://github.com/huggingface/swift-transformers.git",
      "state" : {
        "revision" : "8a83416cc00ab07a5de9991e6ad817a9b8588d20",
        "version" : "0.1.15"
      }
    },
    {
      "identity" : "swiftsubtitles",
      "kind" : "remoteSourceControl",
      "location" : "https://github.com/dagronf/SwiftSubtitles",
      "state" : {
        "revision" : "9610acc4a62f0b274f4fc62c4d600da098fe5892",
        "version" : "0.12.0"
      }
    },
    {
      "identity" : "swiftui-functional-component-macro",
      "kind" : "remoteSourceControl",
      "location" : "https://github.com/FluidGroup/swiftui-functional-component-macro",
      "state" : {
        "revision" : "4824b57c924da6cd4759a60bdde38a9c82d65bef",
        "version" : "1.0.0"
      }
    },
    {
      "identity" : "swiftui-introspect",
      "kind" : "remoteSourceControl",
      "location" : "https://github.com/siteline/swiftui-introspect",
      "state" : {
        "revision" : "807f73ce09a9b9723f12385e592b4e0aaebd3336",
        "version" : "1.3.0"
      }
    },
    {
      "identity" : "swiftui-scrollview-interoperable-drag-gesture",
      "kind" : "remoteSourceControl",
      "location" : "https://github.com/FluidGroup/swiftui-scrollview-interoperable-drag-gesture",
      "state" : {
        "revision" : "aa940c6e3b4c28ee20666f1f252982030a67b1f4",
        "version" : "0.2.2"
      }
    },
    {
      "identity" : "swiftui-support",
      "kind" : "remoteSourceControl",
      "location" : "https://github.com/FluidGroup/swiftui-support",
      "state" : {
        "branch" : "main",
        "revision" : "fbc3f1770889f74818a56eea3d7099a0d3a9c5e1"
      }
    },
    {
      "identity" : "tinycsv",
      "kind" : "remoteSourceControl",
      "location" : "https://github.com/dagronf/TinyCSV",
      "state" : {
        "revision" : "63f30830cd986de84cd844d59926cf1aa2009f0b",
        "version" : "0.5.3"
      }
    },
    {
      "identity" : "typedcomparator",
      "kind" : "remoteSourceControl",
      "location" : "https://github.com/VergeGroup/TypedComparator",
      "state" : {
        "revision" : "337ce0e573e7637ddd29392cb88c3b852f042c8e",
        "version" : "1.0.0"
      }
    },
    {
      "identity" : "typedidentifier",
      "kind" : "remoteSourceControl",
      "location" : "https://github.com/VergeGroup/TypedIdentifier",
      "state" : {
        "revision" : "284340409ba47858a1b3c353dcef9c21303953db",
        "version" : "2.0.3"
      }
    },
    {
      "identity" : "verge",
      "kind" : "remoteSourceControl",
      "location" : "https://github.com/VergeGroup/Verge",
      "state" : {
        "branch" : "main",
        "revision" : "3f5ce18abd0321a0cf8d8a28a8b93ddf77c933ad"
      }
    },
    {
      "identity" : "whisperkit",
      "kind" : "remoteSourceControl",
      "location" : "https://github.com/argmaxinc/whisperkit",
      "state" : {
        "revision" : "e753c568a6e180b3c78a718797e6066884137490",
        "version" : "0.11.0"
      }
    },
    {
      "identity" : "wrap",
      "kind" : "remoteSourceControl",
      "location" : "https://github.com/VergeGroup/Wrap",
      "state" : {
        "revision" : "0d13a5b579d3f74d1f3a2bc50ccb4f9f86a711c3",
        "version" : "4.0.0"
      }
    },
    {
      "identity" : "youtubekit",
      "kind" : "remoteSourceControl",
      "location" : "https://github.com/alexeichhorn/YouTubeKit",
      "state" : {
        "revision" : "e7dbaa332ff190e85241bb90e9a26f3ce4993458",
        "version" : "0.2.6"
      }
    }
  ],
  "version" : 2
}
