{
  "pins" : [
    {
      "identity" : "dsfregex",
      "kind" : "remoteSourceControl",
      "location" : "https://github.com/dagronf/DSFRegex",
      "state" : {
        "revision" : "f1ce5c208384bb238b07905d140c2e60182e3601",
        "version" : "3.3.1"
      }
    },
    {
      "identity" : "mondrianlayout",
      "kind" : "remoteSourceControl",
      "location" : "https://github.com/FluidGroup/MondrianLayout",
      "state" : {
        "branch" : "main",
        "revision" : "b26edaa5a469bc5fd58f9afe37d257ca1b3771e0"
      }
    },
    {
      "identity" : "swiftsubtitles",
      "kind" : "remoteSourceControl",
      "location" : "https://github.com/dagronf/SwiftSubtitles",
      "state" : {
        "revision" : "9610acc4a62f0b274f4fc62c4d600da098fe5892",
        "version" : "0.12.0"
      }
    },
    {
      "identity" : "swiftui-introspect",
      "kind" : "remoteSourceControl",
      "location" : "https://github.com/siteline/swiftui-introspect",
      "state" : {
        "revision" : "9e1cc02a65b22e09a8251261cccbccce02731fc5",
        "version" : "1.1.1"
      }
    },
    {
      "identity" : "swiftui-support",
      "kind" : "remoteSourceControl",
      "location" : "https://github.com/FluidGroup/swiftui-support",
      "state" : {
        "branch" : "main",
        "revision" : "a6b6c987cdf60ab796254f2557234dbac8e53429"
      }
    },
    {
      "identity" : "tinycsv",
      "kind" : "remoteSourceControl",
      "location" : "https://github.com/dagronf/TinyCSV",
      "state" : {
        "revision" : "63f30830cd986de84cd844d59926cf1aa2009f0b",
        "version" : "0.5.3"
      }
    },
    {
      "identity" : "wrap",
      "kind" : "remoteSourceControl",
      "location" : "https://github.com/VergeGroup/Wrap",
      "state" : {
        "revision" : "0d13a5b579d3f74d1f3a2bc50ccb4f9f86a711c3",
        "version" : "4.0.0"
      }
    }
  ],
  "version" : 2
}
