// !$*UTF8*$!
{
	archiveVersion = 1;
	classes = {
	};
	objectVersion = 56;
	objects = {

/* Begin PBXBuildFile section */
		4B0B783C2A1A18090041262B /* overwhelmed - Peter Mckinnon.mp3 in Resources */ = {isa = PBXBuildFile; fileRef = 4B0B783B2A1A18090041262B /* overwhelmed - Peter Mckinnon.mp3 */; };
		4B0B783E2A1A187E0041262B /* overwhelmed - Peter Mckinnon.srt in Resources */ = {isa = PBXBuildFile; fileRef = 4B0B783D2A1A187E0041262B /* overwhelmed - Peter Mckinnon.srt */; };
		4B7CC6392AC8E20D009E2E85 /* PinEntity.swift in Sources */ = {isa = PBXBuildFile; fileRef = 4B7CC6382AC8E20D009E2E85 /* PinEntity.swift */; };
		4B7CC63B2AC8EEF0009E2E85 /* URL+.swift in Sources */ = {isa = PBXBuildFile; fileRef = 4B7CC63A2AC8EEF0009E2E85 /* URL+.swift */; };
		4B7DBBB72AC5CB9400AC6557 /* ItemEntity.swift in Sources */ = {isa = PBXBuildFile; fileRef = 4B7DBBB62AC5CB9400AC6557 /* ItemEntity.swift */; };
		4B84BDB82A16894300B95D87 /* AudioKit in Frameworks */ = {isa = PBXBuildFile; productRef = 4B84BDB72A16894300B95D87 /* AudioKit */; };
		4B99C3972A16850F005F97B4 /* Item.swift in Sources */ = {isa = PBXBuildFile; fileRef = 4B99C3962A16850F005F97B4 /* Item.swift */; };
		4BB8F0882A0BF89E00606452 /* SwiftUIStack in Frameworks */ = {isa = PBXBuildFile; productRef = 4BB8F0872A0BF89E00606452 /* SwiftUIStack */; };
		4BB8F08B2A0BF9B300606452 /* WrapLayout in Frameworks */ = {isa = PBXBuildFile; productRef = 4BB8F08A2A0BF9B300606452 /* WrapLayout */; };
		4BB8F08D2A0BFB9E00606452 /* ListView.swift in Sources */ = {isa = PBXBuildFile; fileRef = 4BB8F08C2A0BFB9E00606452 /* ListView.swift */; };
		4BC26C612AC5AF80002AB391 /* ImportView.swift in Sources */ = {isa = PBXBuildFile; fileRef = 4BC26C602AC5AF80002AB391 /* ImportView.swift */; };
		4BC26C632AC5BFA5002AB391 /* Logger.swift in Sources */ = {isa = PBXBuildFile; fileRef = 4BC26C622AC5BFA5002AB391 /* Logger.swift */; };
		4BF5ED9D2A179840000E080B /* PlayerController.swift in Sources */ = {isa = PBXBuildFile; fileRef = 4BF5ED9C2A179840000E080B /* PlayerController.swift */; };
		4BFF37A32A0BBFE5008ACA2A /* ShadowingPlayerApp.swift in Sources */ = {isa = PBXBuildFile; fileRef = 4BFF37A22A0BBFE5008ACA2A /* ShadowingPlayerApp.swift */; };
		4BFF37A52A0BBFE5008ACA2A /* ContentView.swift in Sources */ = {isa = PBXBuildFile; fileRef = 4BFF37A42A0BBFE5008ACA2A /* ContentView.swift */; };
		4BFF37A72A0BBFE6008ACA2A /* Assets.xcassets in Resources */ = {isa = PBXBuildFile; fileRef = 4BFF37A62A0BBFE6008ACA2A /* Assets.xcassets */; };
		4BFF37AA2A0BBFE6008ACA2A /* Preview Assets.xcassets in Resources */ = {isa = PBXBuildFile; fileRef = 4BFF37A92A0BBFE6008ACA2A /* Preview Assets.xcassets */; };
		4BFF37B22A0BC02C008ACA2A /* SwiftSubtitles in Frameworks */ = {isa = PBXBuildFile; productRef = 4BFF37B12A0BC02C008ACA2A /* SwiftSubtitles */; };
		4BFF37B82A0BC068008ACA2A /* PlayerView.swift in Sources */ = {isa = PBXBuildFile; fileRef = 4BFF37B72A0BC068008ACA2A /* PlayerView.swift */; };
		4BFF37BB2A0BD687008ACA2A /* SwiftUISupport in Frameworks */ = {isa = PBXBuildFile; productRef = 4BFF37BA2A0BD687008ACA2A /* SwiftUISupport */; };
/* End PBXBuildFile section */

/* Begin PBXFileReference section */
		4B0B783B2A1A18090041262B /* overwhelmed - Peter Mckinnon.mp3 */ = {isa = PBXFileReference; lastKnownFileType = audio.mp3; path = "overwhelmed - Peter Mckinnon.mp3"; sourceTree = "<group>"; };
		4B0B783D2A1A187E0041262B /* overwhelmed - Peter Mckinnon.srt */ = {isa = PBXFileReference; fileEncoding = 4; lastKnownFileType = text; path = "overwhelmed - Peter Mckinnon.srt"; sourceTree = "<group>"; };
		4B2720162A0FFCD00080A0BD /* Info.plist */ = {isa = PBXFileReference; lastKnownFileType = text.plist; path = Info.plist; sourceTree = "<group>"; };
		4B7CC6382AC8E20D009E2E85 /* PinEntity.swift */ = {isa = PBXFileReference; lastKnownFileType = sourcecode.swift; path = PinEntity.swift; sourceTree = "<group>"; };
		4B7CC63A2AC8EEF0009E2E85 /* URL+.swift */ = {isa = PBXFileReference; lastKnownFileType = sourcecode.swift; path = "URL+.swift"; sourceTree = "<group>"; };
		4B7DBBB62AC5CB9400AC6557 /* ItemEntity.swift */ = {isa = PBXFileReference; lastKnownFileType = sourcecode.swift; path = ItemEntity.swift; sourceTree = "<group>"; };
		4B99C3962A16850F005F97B4 /* Item.swift */ = {isa = PBXFileReference; lastKnownFileType = sourcecode.swift; path = Item.swift; sourceTree = "<group>"; };
		4BB8F08C2A0BFB9E00606452 /* ListView.swift */ = {isa = PBXFileReference; lastKnownFileType = sourcecode.swift; path = ListView.swift; sourceTree = "<group>"; };
		4BC26C602AC5AF80002AB391 /* ImportView.swift */ = {isa = PBXFileReference; lastKnownFileType = sourcecode.swift; path = ImportView.swift; sourceTree = "<group>"; };
		4BC26C622AC5BFA5002AB391 /* Logger.swift */ = {isa = PBXFileReference; lastKnownFileType = sourcecode.swift; path = Logger.swift; sourceTree = "<group>"; };
		4BF5ED9C2A179840000E080B /* PlayerController.swift */ = {isa = PBXFileReference; lastKnownFileType = sourcecode.swift; path = PlayerController.swift; sourceTree = "<group>"; };
		4BFF379F2A0BBFE5008ACA2A /* ShadowingPlayer.app */ = {isa = PBXFileReference; explicitFileType = wrapper.application; includeInIndex = 0; path = ShadowingPlayer.app; sourceTree = BUILT_PRODUCTS_DIR; };
		4BFF37A22A0BBFE5008ACA2A /* ShadowingPlayerApp.swift */ = {isa = PBXFileReference; lastKnownFileType = sourcecode.swift; path = ShadowingPlayerApp.swift; sourceTree = "<group>"; };
		4BFF37A42A0BBFE5008ACA2A /* ContentView.swift */ = {isa = PBXFileReference; lastKnownFileType = sourcecode.swift; path = ContentView.swift; sourceTree = "<group>"; };
		4BFF37A62A0BBFE6008ACA2A /* Assets.xcassets */ = {isa = PBXFileReference; lastKnownFileType = folder.assetcatalog; path = Assets.xcassets; sourceTree = "<group>"; };
		4BFF37A92A0BBFE6008ACA2A /* Preview Assets.xcassets */ = {isa = PBXFileReference; lastKnownFileType = folder.assetcatalog; path = "Preview Assets.xcassets"; sourceTree = "<group>"; };
		4BFF37B72A0BC068008ACA2A /* PlayerView.swift */ = {isa = PBXFileReference; lastKnownFileType = sourcecode.swift; path = PlayerView.swift; sourceTree = "<group>"; };
/* End PBXFileReference section */

/* Begin PBXFrameworksBuildPhase section */
		4BFF379C2A0BBFE5008ACA2A /* Frameworks */ = {
			isa = PBXFrameworksBuildPhase;
			buildActionMask = 2147483647;
			files = (
				4BFF37BB2A0BD687008ACA2A /* SwiftUISupport in Frameworks */,
				4BFF37B22A0BC02C008ACA2A /* SwiftSubtitles in Frameworks */,
				4B84BDB82A16894300B95D87 /* AudioKit in Frameworks */,
				4BB8F08B2A0BF9B300606452 /* WrapLayout in Frameworks */,
				4BB8F0882A0BF89E00606452 /* SwiftUIStack in Frameworks */,
			);
			runOnlyForDeploymentPostprocessing = 0;
		};
/* End PBXFrameworksBuildPhase section */

/* Begin PBXGroup section */
		4BFF37962A0BBFE5008ACA2A = {
			isa = PBXGroup;
			children = (
				4BFF37A12A0BBFE5008ACA2A /* ShadowingPlayer */,
				4BFF37A02A0BBFE5008ACA2A /* Products */,
			);
			sourceTree = "<group>";
		};
		4BFF37A02A0BBFE5008ACA2A /* Products */ = {
			isa = PBXGroup;
			children = (
				4BFF379F2A0BBFE5008ACA2A /* ShadowingPlayer.app */,
			);
			name = Products;
			sourceTree = "<group>";
		};
		4BFF37A12A0BBFE5008ACA2A /* ShadowingPlayer */ = {
			isa = PBXGroup;
			children = (
				4B2720162A0FFCD00080A0BD /* Info.plist */,
				4BFF37A22A0BBFE5008ACA2A /* ShadowingPlayerApp.swift */,
				4BFF37A42A0BBFE5008ACA2A /* ContentView.swift */,
				4BB8F08C2A0BFB9E00606452 /* ListView.swift */,
				4BC26C602AC5AF80002AB391 /* ImportView.swift */,
				4BFF37B72A0BC068008ACA2A /* PlayerView.swift */,
				4B99C3962A16850F005F97B4 /* Item.swift */,
				4BFF37A62A0BBFE6008ACA2A /* Assets.xcassets */,
				4BFF37A82A0BBFE6008ACA2A /* Preview Content */,
				4BF5ED9C2A179840000E080B /* PlayerController.swift */,
				4BC26C622AC5BFA5002AB391 /* Logger.swift */,
				4B7DBBB62AC5CB9400AC6557 /* ItemEntity.swift */,
				4B7CC6382AC8E20D009E2E85 /* PinEntity.swift */,
				4B7CC63A2AC8EEF0009E2E85 /* URL+.swift */,
			);
			path = ShadowingPlayer;
			sourceTree = "<group>";
		};
		4BFF37A82A0BBFE6008ACA2A /* Preview Content */ = {
			isa = PBXGroup;
			children = (
				4B0B783B2A1A18090041262B /* overwhelmed - Peter Mckinnon.mp3 */,
				4B0B783D2A1A187E0041262B /* overwhelmed - Peter Mckinnon.srt */,
				4BFF37A92A0BBFE6008ACA2A /* Preview Assets.xcassets */,
			);
			path = "Preview Content";
			sourceTree = "<group>";
		};
/* End PBXGroup section */

/* Begin PBXNativeTarget section */
		4BFF379E2A0BBFE5008ACA2A /* ShadowingPlayer */ = {
			isa = PBXNativeTarget;
			buildConfigurationList = 4BFF37AD2A0BBFE6008ACA2A /* Build configuration list for PBXNativeTarget "ShadowingPlayer" */;
			buildPhases = (
				4BFF379B2A0BBFE5008ACA2A /* Sources */,
				4BFF379C2A0BBFE5008ACA2A /* Frameworks */,
				4BFF379D2A0BBFE5008ACA2A /* Resources */,
			);
			buildRules = (
			);
			dependencies = (
			);
			name = ShadowingPlayer;
			packageProductDependencies = (
				4BFF37B12A0BC02C008ACA2A /* SwiftSubtitles */,
				4BFF37BA2A0BD687008ACA2A /* SwiftUISupport */,
				4BB8F0872A0BF89E00606452 /* SwiftUIStack */,
				4BB8F08A2A0BF9B300606452 /* WrapLayout */,
				4B84BDB72A16894300B95D87 /* AudioKit */,
			);
			productName = ShadowingPlayer;
			productReference = 4BFF379F2A0BBFE5008ACA2A /* ShadowingPlayer.app */;
			productType = "com.apple.product-type.application";
		};
/* End PBXNativeTarget section */

/* Begin PBXProject section */
		4BFF37972A0BBFE5008ACA2A /* Project object */ = {
			isa = PBXProject;
			attributes = {
				BuildIndependentTargetsInParallel = 1;
				LastSwiftUpdateCheck = 1430;
				LastUpgradeCheck = 1430;
				TargetAttributes = {
					4BFF379E2A0BBFE5008ACA2A = {
						CreatedOnToolsVersion = 14.3;
					};
				};
			};
			buildConfigurationList = 4BFF379A2A0BBFE5008ACA2A /* Build configuration list for PBXProject "ShadowingPlayer" */;
			compatibilityVersion = "Xcode 14.0";
			developmentRegion = en;
			hasScannedForEncodings = 0;
			knownRegions = (
				en,
				Base,
			);
			mainGroup = 4BFF37962A0BBFE5008ACA2A;
			packageReferences = (
				4BFF37B02A0BC02C008ACA2A /* XCRemoteSwiftPackageReference "SwiftSubtitles" */,
				4BFF37B92A0BD687008ACA2A /* XCRemoteSwiftPackageReference "swiftui-support" */,
				4BB8F0862A0BF89E00606452 /* XCRemoteSwiftPackageReference "swiftui-stack" */,
				4BB8F0892A0BF9B300606452 /* XCRemoteSwiftPackageReference "swiftui-WrapLayout" */,
				4B84BDB62A16894300B95D87 /* XCRemoteSwiftPackageReference "AudioKit" */,
			);
			productRefGroup = 4BFF37A02A0BBFE5008ACA2A /* Products */;
			projectDirPath = "";
			projectRoot = "";
			targets = (
				4BFF379E2A0BBFE5008ACA2A /* ShadowingPlayer */,
			);
		};
/* End PBXProject section */

/* Begin PBXResourcesBuildPhase section */
		4BFF379D2A0BBFE5008ACA2A /* Resources */ = {
			isa = PBXResourcesBuildPhase;
			buildActionMask = 2147483647;
			files = (
				4B0B783C2A1A18090041262B /* overwhelmed - Peter Mckinnon.mp3 in Resources */,
				4BFF37AA2A0BBFE6008ACA2A /* Preview Assets.xcassets in Resources */,
				4B0B783E2A1A187E0041262B /* overwhelmed - Peter Mckinnon.srt in Resources */,
				4BFF37A72A0BBFE6008ACA2A /* Assets.xcassets in Resources */,
			);
			runOnlyForDeploymentPostprocessing = 0;
		};
/* End PBXResourcesBuildPhase section */

/* Begin PBXSourcesBuildPhase section */
		4BFF379B2A0BBFE5008ACA2A /* Sources */ = {
			isa = PBXSourcesBuildPhase;
			buildActionMask = 2147483647;
			files = (
				4B7CC6392AC8E20D009E2E85 /* PinEntity.swift in Sources */,
				4BC26C612AC5AF80002AB391 /* ImportView.swift in Sources */,
				4B99C3972A16850F005F97B4 /* Item.swift in Sources */,
				4BFF37B82A0BC068008ACA2A /* PlayerView.swift in Sources */,
				4B7DBBB72AC5CB9400AC6557 /* ItemEntity.swift in Sources */,
				4BF5ED9D2A179840000E080B /* PlayerController.swift in Sources */,
				4BB8F08D2A0BFB9E00606452 /* ListView.swift in Sources */,
				4BFF37A52A0BBFE5008ACA2A /* ContentView.swift in Sources */,
				4B7CC63B2AC8EEF0009E2E85 /* URL+.swift in Sources */,
				4BFF37A32A0BBFE5008ACA2A /* ShadowingPlayerApp.swift in Sources */,
				4BC26C632AC5BFA5002AB391 /* Logger.swift in Sources */,
			);
			runOnlyForDeploymentPostprocessing = 0;
		};
/* End PBXSourcesBuildPhase section */

/* Begin XCBuildConfiguration section */
		4BFF37AB2A0BBFE6008ACA2A /* Debug */ = {
			isa = XCBuildConfiguration;
			buildSettings = {
				ALWAYS_SEARCH_USER_PATHS = NO;
				CLANG_ANALYZER_NONNULL = YES;
				CLANG_ANALYZER_NUMBER_OBJECT_CONVERSION = YES_AGGRESSIVE;
				CLANG_CXX_LANGUAGE_STANDARD = "gnu++20";
				CLANG_ENABLE_MODULES = YES;
				CLANG_ENABLE_OBJC_ARC = YES;
				CLANG_ENABLE_OBJC_WEAK = YES;
				CLANG_WARN_BLOCK_CAPTURE_AUTORELEASING = YES;
				CLANG_WARN_BOOL_CONVERSION = YES;
				CLANG_WARN_COMMA = YES;
				CLANG_WARN_CONSTANT_CONVERSION = YES;
				CLANG_WARN_DEPRECATED_OBJC_IMPLEMENTATIONS = YES;
				CLANG_WARN_DIRECT_OBJC_ISA_USAGE = YES_ERROR;
				CLANG_WARN_DOCUMENTATION_COMMENTS = YES;
				CLANG_WARN_EMPTY_BODY = YES;
				CLANG_WARN_ENUM_CONVERSION = YES;
				CLANG_WARN_INFINITE_RECURSION = YES;
				CLANG_WARN_INT_CONVERSION = YES;
				CLANG_WARN_NON_LITERAL_NULL_CONVERSION = YES;
				CLANG_WARN_OBJC_IMPLICIT_RETAIN_SELF = YES;
				CLANG_WARN_OBJC_LITERAL_CONVERSION = YES;
				CLANG_WARN_OBJC_ROOT_CLASS = YES_ERROR;
				CLANG_WARN_QUOTED_INCLUDE_IN_FRAMEWORK_HEADER = YES;
				CLANG_WARN_RANGE_LOOP_ANALYSIS = YES;
				CLANG_WARN_STRICT_PROTOTYPES = YES;
				CLANG_WARN_SUSPICIOUS_MOVE = YES;
				CLANG_WARN_UNGUARDED_AVAILABILITY = YES_AGGRESSIVE;
				CLANG_WARN_UNREACHABLE_CODE = YES;
				CLANG_WARN__DUPLICATE_METHOD_MATCH = YES;
				COPY_PHASE_STRIP = NO;
				DEBUG_INFORMATION_FORMAT = dwarf;
				ENABLE_STRICT_OBJC_MSGSEND = YES;
				ENABLE_TESTABILITY = YES;
				GCC_C_LANGUAGE_STANDARD = gnu11;
				GCC_DYNAMIC_NO_PIC = NO;
				GCC_NO_COMMON_BLOCKS = YES;
				GCC_OPTIMIZATION_LEVEL = 0;
				GCC_PREPROCESSOR_DEFINITIONS = (
					"DEBUG=1",
					"$(inherited)",
				);
				GCC_WARN_64_TO_32_BIT_CONVERSION = YES;
				GCC_WARN_ABOUT_RETURN_TYPE = YES_ERROR;
				GCC_WARN_UNDECLARED_SELECTOR = YES;
				GCC_WARN_UNINITIALIZED_AUTOS = YES_AGGRESSIVE;
				GCC_WARN_UNUSED_FUNCTION = YES;
				GCC_WARN_UNUSED_VARIABLE = YES;
				IPHONEOS_DEPLOYMENT_TARGET = 16.4;
				MTL_ENABLE_DEBUG_INFO = INCLUDE_SOURCE;
				MTL_FAST_MATH = YES;
				ONLY_ACTIVE_ARCH = YES;
				SDKROOT = iphoneos;
				SWIFT_ACTIVE_COMPILATION_CONDITIONS = DEBUG;
				SWIFT_OPTIMIZATION_LEVEL = "-Onone";
				SWIFT_STRICT_CONCURRENCY = complete;
			};
			name = Debug;
		};
		4BFF37AC2A0BBFE6008ACA2A /* Release */ = {
			isa = XCBuildConfiguration;
			buildSettings = {
				ALWAYS_SEARCH_USER_PATHS = NO;
				CLANG_ANALYZER_NONNULL = YES;
				CLANG_ANALYZER_NUMBER_OBJECT_CONVERSION = YES_AGGRESSIVE;
				CLANG_CXX_LANGUAGE_STANDARD = "gnu++20";
				CLANG_ENABLE_MODULES = YES;
				CLANG_ENABLE_OBJC_ARC = YES;
				CLANG_ENABLE_OBJC_WEAK = YES;
				CLANG_WARN_BLOCK_CAPTURE_AUTORELEASING = YES;
				CLANG_WARN_BOOL_CONVERSION = YES;
				CLANG_WARN_COMMA = YES;
				CLANG_WARN_CONSTANT_CONVERSION = YES;
				CLANG_WARN_DEPRECATED_OBJC_IMPLEMENTATIONS = YES;
				CLANG_WARN_DIRECT_OBJC_ISA_USAGE = YES_ERROR;
				CLANG_WARN_DOCUMENTATION_COMMENTS = YES;
				CLANG_WARN_EMPTY_BODY = YES;
				CLANG_WARN_ENUM_CONVERSION = YES;
				CLANG_WARN_INFINITE_RECURSION = YES;
				CLANG_WARN_INT_CONVERSION = YES;
				CLANG_WARN_NON_LITERAL_NULL_CONVERSION = YES;
				CLANG_WARN_OBJC_IMPLICIT_RETAIN_SELF = YES;
				CLANG_WARN_OBJC_LITERAL_CONVERSION = YES;
				CLANG_WARN_OBJC_ROOT_CLASS = YES_ERROR;
				CLANG_WARN_QUOTED_INCLUDE_IN_FRAMEWORK_HEADER = YES;
				CLANG_WARN_RANGE_LOOP_ANALYSIS = YES;
				CLANG_WARN_STRICT_PROTOTYPES = YES;
				CLANG_WARN_SUSPICIOUS_MOVE = YES;
				CLANG_WARN_UNGUARDED_AVAILABILITY = YES_AGGRESSIVE;
				CLANG_WARN_UNREACHABLE_CODE = YES;
				CLANG_WARN__DUPLICATE_METHOD_MATCH = YES;
				COPY_PHASE_STRIP = NO;
				DEBUG_INFORMATION_FORMAT = "dwarf-with-dsym";
				ENABLE_NS_ASSERTIONS = NO;
				ENABLE_STRICT_OBJC_MSGSEND = YES;
				GCC_C_LANGUAGE_STANDARD = gnu11;
				GCC_NO_COMMON_BLOCKS = YES;
				GCC_WARN_64_TO_32_BIT_CONVERSION = YES;
				GCC_WARN_ABOUT_RETURN_TYPE = YES_ERROR;
				GCC_WARN_UNDECLARED_SELECTOR = YES;
				GCC_WARN_UNINITIALIZED_AUTOS = YES_AGGRESSIVE;
				GCC_WARN_UNUSED_FUNCTION = YES;
				GCC_WARN_UNUSED_VARIABLE = YES;
				IPHONEOS_DEPLOYMENT_TARGET = 16.4;
				MTL_ENABLE_DEBUG_INFO = NO;
				MTL_FAST_MATH = YES;
				SDKROOT = iphoneos;
				SWIFT_COMPILATION_MODE = wholemodule;
				SWIFT_OPTIMIZATION_LEVEL = "-O";
				SWIFT_STRICT_CONCURRENCY = complete;
				VALIDATE_PRODUCT = YES;
			};
			name = Release;
		};
		4BFF37AE2A0BBFE6008ACA2A /* Debug */ = {
			isa = XCBuildConfiguration;
			buildSettings = {
				ASSETCATALOG_COMPILER_APPICON_NAME = AppIcon;
				ASSETCATALOG_COMPILER_GLOBAL_ACCENT_COLOR_NAME = AccentColor;
				CODE_SIGN_STYLE = Automatic;
				CURRENT_PROJECT_VERSION = 1;
				DEVELOPMENT_ASSET_PATHS = "\"ShadowingPlayer/Preview Content\"";
				DEVELOPMENT_TEAM = JX92XL88RZ;
				ENABLE_PREVIEWS = YES;
				GENERATE_INFOPLIST_FILE = YES;
				INFOPLIST_FILE = ShadowingPlayer/Info.plist;
				INFOPLIST_KEY_UIApplicationSceneManifest_Generation = YES;
				INFOPLIST_KEY_UIApplicationSupportsIndirectInputEvents = YES;
				INFOPLIST_KEY_UILaunchScreen_Generation = YES;
				INFOPLIST_KEY_UISupportedInterfaceOrientations = UIInterfaceOrientationPortrait;
				INFOPLIST_KEY_UISupportedInterfaceOrientations_iPad = "UIInterfaceOrientationLandscapeLeft UIInterfaceOrientationLandscapeRight UIInterfaceOrientationPortrait UIInterfaceOrientationPortraitUpsideDown";
				IPHONEOS_DEPLOYMENT_TARGET = 17.0;
				LD_RUNPATH_SEARCH_PATHS = (
					"$(inherited)",
					"@executable_path/Frameworks",
				);
				MARKETING_VERSION = 1.0;
				PRODUCT_BUNDLE_IDENTIFIER = app.muukii.ShadowingPlayer;
				PRODUCT_NAME = "$(TARGET_NAME)";
				SUPPORTED_PLATFORMS = "iphoneos iphonesimulator";
				SUPPORTS_MACCATALYST = NO;
				SUPPORTS_MAC_DESIGNED_FOR_IPHONE_IPAD = YES;
				SWIFT_EMIT_LOC_STRINGS = YES;
				SWIFT_VERSION = 5.0;
				TARGETED_DEVICE_FAMILY = 1;
			};
			name = Debug;
		};
		4BFF37AF2A0BBFE6008ACA2A /* Release */ = {
			isa = XCBuildConfiguration;
			buildSettings = {
				ASSETCATALOG_COMPILER_APPICON_NAME = AppIcon;
				ASSETCATALOG_COMPILER_GLOBAL_ACCENT_COLOR_NAME = AccentColor;
				CODE_SIGN_STYLE = Automatic;
				CURRENT_PROJECT_VERSION = 1;
				DEVELOPMENT_ASSET_PATHS = "\"ShadowingPlayer/Preview Content\"";
				DEVELOPMENT_TEAM = JX92XL88RZ;
				ENABLE_PREVIEWS = YES;
				GENERATE_INFOPLIST_FILE = YES;
				INFOPLIST_FILE = ShadowingPlayer/Info.plist;
				INFOPLIST_KEY_UIApplicationSceneManifest_Generation = YES;
				INFOPLIST_KEY_UIApplicationSupportsIndirectInputEvents = YES;
				INFOPLIST_KEY_UILaunchScreen_Generation = YES;
				INFOPLIST_KEY_UISupportedInterfaceOrientations = UIInterfaceOrientationPortrait;
				INFOPLIST_KEY_UISupportedInterfaceOrientations_iPad = "UIInterfaceOrientationLandscapeLeft UIInterfaceOrientationLandscapeRight UIInterfaceOrientationPortrait UIInterfaceOrientationPortraitUpsideDown";
				IPHONEOS_DEPLOYMENT_TARGET = 17.0;
				LD_RUNPATH_SEARCH_PATHS = (
					"$(inherited)",
					"@executable_path/Frameworks",
				);
				MARKETING_VERSION = 1.0;
				PRODUCT_BUNDLE_IDENTIFIER = app.muukii.ShadowingPlayer;
				PRODUCT_NAME = "$(TARGET_NAME)";
				SUPPORTED_PLATFORMS = "iphoneos iphonesimulator";
				SUPPORTS_MACCATALYST = NO;
				SUPPORTS_MAC_DESIGNED_FOR_IPHONE_IPAD = YES;
				SWIFT_EMIT_LOC_STRINGS = YES;
				SWIFT_VERSION = 5.0;
				TARGETED_DEVICE_FAMILY = 1;
			};
			name = Release;
		};
/* End XCBuildConfiguration section */

/* Begin XCConfigurationList section */
		4BFF379A2A0BBFE5008ACA2A /* Build configuration list for PBXProject "ShadowingPlayer" */ = {
			isa = XCConfigurationList;
			buildConfigurations = (
				4BFF37AB2A0BBFE6008ACA2A /* Debug */,
				4BFF37AC2A0BBFE6008ACA2A /* Release */,
			);
			defaultConfigurationIsVisible = 0;
			defaultConfigurationName = Release;
		};
		4BFF37AD2A0BBFE6008ACA2A /* Build configuration list for PBXNativeTarget "ShadowingPlayer" */ = {
			isa = XCConfigurationList;
			buildConfigurations = (
				4BFF37AE2A0BBFE6008ACA2A /* Debug */,
				4BFF37AF2A0BBFE6008ACA2A /* Release */,
			);
			defaultConfigurationIsVisible = 0;
			defaultConfigurationName = Release;
		};
/* End XCConfigurationList section */

/* Begin XCRemoteSwiftPackageReference section */
		4B84BDB62A16894300B95D87 /* XCRemoteSwiftPackageReference "AudioKit" */ = {
			isa = XCRemoteSwiftPackageReference;
			repositoryURL = "https://github.com/AudioKit/AudioKit";
			requirement = {
				kind = upToNextMajorVersion;
				minimumVersion = 5.0.0;
			};
		};
		4BB8F0862A0BF89E00606452 /* XCRemoteSwiftPackageReference "swiftui-stack" */ = {
			isa = XCRemoteSwiftPackageReference;
			repositoryURL = "https://github.com/FluidGroup/swiftui-stack";
			requirement = {
				branch = main;
				kind = branch;
			};
		};
		4BB8F0892A0BF9B300606452 /* XCRemoteSwiftPackageReference "swiftui-WrapLayout" */ = {
			isa = XCRemoteSwiftPackageReference;
			repositoryURL = "https://github.com/muukii/swiftui-WrapLayout";
			requirement = {
				kind = upToNextMajorVersion;
				minimumVersion = 0.2.0;
			};
		};
		4BFF37B02A0BC02C008ACA2A /* XCRemoteSwiftPackageReference "SwiftSubtitles" */ = {
			isa = XCRemoteSwiftPackageReference;
			repositoryURL = "https://github.com/dagronf/SwiftSubtitles.git";
			requirement = {
				kind = upToNextMajorVersion;
				minimumVersion = 0.5.0;
			};
		};
		4BFF37B92A0BD687008ACA2A /* XCRemoteSwiftPackageReference "swiftui-support" */ = {
			isa = XCRemoteSwiftPackageReference;
			repositoryURL = "https://github.com/FluidGroup/swiftui-support/";
			requirement = {
				kind = upToNextMajorVersion;
				minimumVersion = 0.4.1;
			};
		};
/* End XCRemoteSwiftPackageReference section */

/* Begin XCSwiftPackageProductDependency section */
		4B84BDB72A16894300B95D87 /* AudioKit */ = {
			isa = XCSwiftPackageProductDependency;
			package = 4B84BDB62A16894300B95D87 /* XCRemoteSwiftPackageReference "AudioKit" */;
			productName = AudioKit;
		};
		4BB8F0872A0BF89E00606452 /* SwiftUIStack */ = {
			isa = XCSwiftPackageProductDependency;
			package = 4BB8F0862A0BF89E00606452 /* XCRemoteSwiftPackageReference "swiftui-stack" */;
			productName = SwiftUIStack;
		};
		4BB8F08A2A0BF9B300606452 /* WrapLayout */ = {
			isa = XCSwiftPackageProductDependency;
			package = 4BB8F0892A0BF9B300606452 /* XCRemoteSwiftPackageReference "swiftui-WrapLayout" */;
			productName = WrapLayout;
		};
		4BFF37B12A0BC02C008ACA2A /* SwiftSubtitles */ = {
			isa = XCSwiftPackageProductDependency;
			package = 4BFF37B02A0BC02C008ACA2A /* XCRemoteSwiftPackageReference "SwiftSubtitles" */;
			productName = SwiftSubtitles;
		};
		4BFF37BA2A0BD687008ACA2A /* SwiftUISupport */ = {
			isa = XCSwiftPackageProductDependency;
			package = 4BFF37B92A0BD687008ACA2A /* XCRemoteSwiftPackageReference "swiftui-support" */;
			productName = SwiftUISupport;
		};
/* End XCSwiftPackageProductDependency section */
	};
	rootObject = 4BFF37972A0BBFE5008ACA2A /* Project object */;
}
